
Microsoft Visual Studio Solution File, Format Version 12.00
# Visual Studio Version 17
VisualStudioVersion = 17.2.32616.157
MinimumVisualStudioVersion = 10.0.40219.1
Project("{8BC9CEB8-8B4A-11D0-8D11-00A0C91BC942}") = "adp-tool", "adp-tool.vcxproj", "{21A40790-8D0E-BC06-D64C-6DAC42F6995B}"
	ProjectSection(ProjectDependencies) = postProject
		{154B857C-0182-860D-AA6E-6C109684020F} = {154B857C-0182-860D-AA6E-6C109684020F}
		{C0FF640D-2C14-8DBE-F595-301E616989EF} = {C0FF640D-2C14-8DBE-F595-301E616989EF}
	EndProjectSection
EndProject
Project("{2150E333-8FDC-42A3-9474-1A3956D46DE8}") = "Dependencies", "Dependencies", "{53E47842-3FC8-3998-A828-34EB942B241A}"
EndProject
Project("{8BC9CEB8-8B4A-11D0-8D11-00A0C91BC942}") = "GLFW", "lib\GLFW\GLFW.vcxproj", "{154B857C-0182-860D-AA6E-6C109684020F}"
EndProject
Project("{8BC9CEB8-8B4A-11D0-8D11-00A0C91BC942}") = "ImGui", "lib\imgui\ImGui.vcxproj", "{C0FF640D-2C14-8DBE-F595-301E616989EF}"
EndProject
Project("{8BC9CEB8-8B4A-11D0-8D11-00A0C91BC942}") = "avrdude", "lib\avrdude\avrdude.vcxproj", "{F195686F-239B-3B7E-BAA2-2AAA75E99C4A}"
EndProject
Project("{8BC9CEB8-8B4A-11D0-8D11-00A0C91BC942}") = "serial", "lib\serial\visual_studio\serial\serial.vcxproj", "{A8517FB2-C74E-43BD-B3C6-B05D3FC11ECD}"
EndProject
Project("{8BC9CEB8-8B4A-11D0-8D11-00A0C91BC942}") = "hidapi", "lib\hidapi\windows\hidapi.vcxproj", "{A107C21C-418A-4697-BB10-20C3AA60E2E4}"
EndProject
Project("{8BC9CEB8-8B4A-11D0-8D11-00A0C91BC942}") = "nfd", "lib\nativefiledialog\build\vs2010\nfd.vcxproj", "{5D94880B-C99D-887C-5219-9F7CBE21947C}"
EndProject
Global
	GlobalSection(SolutionConfigurationPlatforms) = preSolution
		Debug|x64 = Debug|x64
		Debug|x86 = Debug|x86
		Dist|x64 = Dist|x64
		Dist|x86 = Dist|x86
		MinSizeRel|x64 = MinSizeRel|x64
		MinSizeRel|x86 = MinSizeRel|x86
		Release|x64 = Release|x64
		Release|x86 = Release|x86
		RelWithDebInfo|x64 = RelWithDebInfo|x64
		RelWithDebInfo|x86 = RelWithDebInfo|x86
	EndGlobalSection
	GlobalSection(ProjectConfigurationPlatforms) = postSolution
		{21A40790-8D0E-BC06-D64C-6DAC42F6995B}.Debug|x64.ActiveCfg = Debug|x64
		{21A40790-8D0E-BC06-D64C-6DAC42F6995B}.Debug|x64.Build.0 = Debug|x64
		{21A40790-8D0E-BC06-D64C-6DAC42F6995B}.Debug|x86.ActiveCfg = Debug|x64
		{21A40790-8D0E-BC06-D64C-6DAC42F6995B}.Debug|x86.Build.0 = Debug|x64
		{21A40790-8D0E-BC06-D64C-6DAC42F6995B}.Dist|x64.ActiveCfg = Dist|x64
		{21A40790-8D0E-BC06-D64C-6DAC42F6995B}.Dist|x64.Build.0 = Dist|x64
		{21A40790-8D0E-BC06-D64C-6DAC42F6995B}.Dist|x86.ActiveCfg = Dist|x64
		{21A40790-8D0E-BC06-D64C-6DAC42F6995B}.Dist|x86.Build.0 = Dist|x64
		{21A40790-8D0E-BC06-D64C-6DAC42F6995B}.MinSizeRel|x64.ActiveCfg = Release|x64
		{21A40790-8D0E-BC06-D64C-6DAC42F6995B}.MinSizeRel|x64.Build.0 = Release|x64
		{21A40790-8D0E-BC06-D64C-6DAC42F6995B}.MinSizeRel|x86.ActiveCfg = Release|x64
		{21A40790-8D0E-BC06-D64C-6DAC42F6995B}.MinSizeRel|x86.Build.0 = Release|x64
		{21A40790-8D0E-BC06-D64C-6DAC42F6995B}.Release|x64.ActiveCfg = Release|x64
		{21A40790-8D0E-BC06-D64C-6DAC42F6995B}.Release|x64.Build.0 = Release|x64
		{21A40790-8D0E-BC06-D64C-6DAC42F6995B}.Release|x86.ActiveCfg = Release|x64
		{21A40790-8D0E-BC06-D64C-6DAC42F6995B}.Release|x86.Build.0 = Release|x64
		{21A40790-8D0E-BC06-D64C-6DAC42F6995B}.RelWithDebInfo|x64.ActiveCfg = Release|x64
		{21A40790-8D0E-BC06-D64C-6DAC42F6995B}.RelWithDebInfo|x64.Build.0 = Release|x64
		{21A40790-8D0E-BC06-D64C-6DAC42F6995B}.RelWithDebInfo|x86.ActiveCfg = Release|x64
		{21A40790-8D0E-BC06-D64C-6DAC42F6995B}.RelWithDebInfo|x86.Build.0 = Release|x64
		{154B857C-0182-860D-AA6E-6C109684020F}.Debug|x64.ActiveCfg = Debug|x64
		{154B857C-0182-860D-AA6E-6C109684020F}.Debug|x64.Build.0 = Debug|x64
		{154B857C-0182-860D-AA6E-6C109684020F}.Debug|x86.ActiveCfg = Debug|x64
		{154B857C-0182-860D-AA6E-6C109684020F}.Debug|x86.Build.0 = Debug|x64
		{154B857C-0182-860D-AA6E-6C109684020F}.Dist|x64.ActiveCfg = Dist|x64
		{154B857C-0182-860D-AA6E-6C109684020F}.Dist|x64.Build.0 = Dist|x64
		{154B857C-0182-860D-AA6E-6C109684020F}.Dist|x86.ActiveCfg = Dist|x64
		{154B857C-0182-860D-AA6E-6C109684020F}.Dist|x86.Build.0 = Dist|x64
		{154B857C-0182-860D-AA6E-6C109684020F}.MinSizeRel|x64.ActiveCfg = Release|x64
		{154B857C-0182-860D-AA6E-6C109684020F}.MinSizeRel|x64.Build.0 = Release|x64
		{154B857C-0182-860D-AA6E-6C109684020F}.MinSizeRel|x86.ActiveCfg = Release|x64
		{154B857C-0182-860D-AA6E-6C109684020F}.MinSizeRel|x86.Build.0 = Release|x64
		{154B857C-0182-860D-AA6E-6C109684020F}.Release|x64.ActiveCfg = Release|x64
		{154B857C-0182-860D-AA6E-6C109684020F}.Release|x64.Build.0 = Release|x64
		{154B857C-0182-860D-AA6E-6C109684020F}.Release|x86.ActiveCfg = Release|x64
		{154B857C-0182-860D-AA6E-6C109684020F}.Release|x86.Build.0 = Release|x64
		{154B857C-0182-860D-AA6E-6C109684020F}.RelWithDebInfo|x64.ActiveCfg = Release|x64
		{154B857C-0182-860D-AA6E-6C109684020F}.RelWithDebInfo|x64.Build.0 = Release|x64
		{154B857C-0182-860D-AA6E-6C109684020F}.RelWithDebInfo|x86.ActiveCfg = Release|x64
		{154B857C-0182-860D-AA6E-6C109684020F}.RelWithDebInfo|x86.Build.0 = Release|x64
		{C0FF640D-2C14-8DBE-F595-301E616989EF}.Debug|x64.ActiveCfg = Debug|x64
		{C0FF640D-2C14-8DBE-F595-301E616989EF}.Debug|x64.Build.0 = Debug|x64
		{C0FF640D-2C14-8DBE-F595-301E616989EF}.Debug|x86.ActiveCfg = Debug|x64
		{C0FF640D-2C14-8DBE-F595-301E616989EF}.Debug|x86.Build.0 = Debug|x64
		{C0FF640D-2C14-8DBE-F595-301E616989EF}.Dist|x64.ActiveCfg = Dist|x64
		{C0FF640D-2C14-8DBE-F595-301E616989EF}.Dist|x64.Build.0 = Dist|x64
		{C0FF640D-2C14-8DBE-F595-301E616989EF}.Dist|x86.ActiveCfg = Dist|x64
		{C0FF640D-2C14-8DBE-F595-301E616989EF}.Dist|x86.Build.0 = Dist|x64
		{C0FF640D-2C14-8DBE-F595-301E616989EF}.MinSizeRel|x64.ActiveCfg = Release|x64
		{C0FF640D-2C14-8DBE-F595-301E616989EF}.MinSizeRel|x64.Build.0 = Release|x64
		{C0FF640D-2C14-8DBE-F595-301E616989EF}.MinSizeRel|x86.ActiveCfg = Release|x64
		{C0FF640D-2C14-8DBE-F595-301E616989EF}.MinSizeRel|x86.Build.0 = Release|x64
		{C0FF640D-2C14-8DBE-F595-301E616989EF}.Release|x64.ActiveCfg = Release|x64
		{C0FF640D-2C14-8DBE-F595-301E616989EF}.Release|x64.Build.0 = Release|x64
		{C0FF640D-2C14-8DBE-F595-301E616989EF}.Release|x86.ActiveCfg = Release|x64
		{C0FF640D-2C14-8DBE-F595-301E616989EF}.Release|x86.Build.0 = Release|x64
		{C0FF640D-2C14-8DBE-F595-301E616989EF}.RelWithDebInfo|x64.ActiveCfg = Release|x64
		{C0FF640D-2C14-8DBE-F595-301E616989EF}.RelWithDebInfo|x64.Build.0 = Release|x64
		{C0FF640D-2C14-8DBE-F595-301E616989EF}.RelWithDebInfo|x86.ActiveCfg = Release|x64
		{C0FF640D-2C14-8DBE-F595-301E616989EF}.RelWithDebInfo|x86.Build.0 = Release|x64
		{F195686F-239B-3B7E-BAA2-2AAA75E99C4A}.Debug|x64.ActiveCfg = Debug|x64
		{F195686F-239B-3B7E-BAA2-2AAA75E99C4A}.Debug|x64.Build.0 = Debug|x64
		{F195686F-239B-3B7E-BAA2-2AAA75E99C4A}.Debug|x86.ActiveCfg = Debug|x64
		{F195686F-239B-3B7E-BAA2-2AAA75E99C4A}.Debug|x86.Build.0 = Debug|x64
		{F195686F-239B-3B7E-BAA2-2AAA75E99C4A}.Dist|x64.ActiveCfg = Debug|x64
		{F195686F-239B-3B7E-BAA2-2AAA75E99C4A}.Dist|x64.Build.0 = Debug|x64
		{F195686F-239B-3B7E-BAA2-2AAA75E99C4A}.Dist|x86.ActiveCfg = Debug|x64
		{F195686F-239B-3B7E-BAA2-2AAA75E99C4A}.Dist|x86.Build.0 = Debug|x64
		{F195686F-239B-3B7E-BAA2-2AAA75E99C4A}.MinSizeRel|x64.ActiveCfg = MinSizeRel|x64
		{F195686F-239B-3B7E-BAA2-2AAA75E99C4A}.MinSizeRel|x64.Build.0 = MinSizeRel|x64
		{F195686F-239B-3B7E-BAA2-2AAA75E99C4A}.MinSizeRel|x86.ActiveCfg = MinSizeRel|x64
		{F195686F-239B-3B7E-BAA2-2AAA75E99C4A}.MinSizeRel|x86.Build.0 = MinSizeRel|x64
		{F195686F-239B-3B7E-BAA2-2AAA75E99C4A}.Release|x64.ActiveCfg = Release|x64
		{F195686F-239B-3B7E-BAA2-2AAA75E99C4A}.Release|x64.Build.0 = Release|x64
		{F195686F-239B-3B7E-BAA2-2AAA75E99C4A}.Release|x86.ActiveCfg = Release|x64
		{F195686F-239B-3B7E-BAA2-2AAA75E99C4A}.Release|x86.Build.0 = Release|x64
		{F195686F-239B-3B7E-BAA2-2AAA75E99C4A}.RelWithDebInfo|x64.ActiveCfg = RelWithDebInfo|x64
		{F195686F-239B-3B7E-BAA2-2AAA75E99C4A}.RelWithDebInfo|x64.Build.0 = RelWithDebInfo|x64
		{F195686F-239B-3B7E-BAA2-2AAA75E99C4A}.RelWithDebInfo|x86.ActiveCfg = RelWithDebInfo|x64
		{F195686F-239B-3B7E-BAA2-2AAA75E99C4A}.RelWithDebInfo|x86.Build.0 = RelWithDebInfo|x64
		{A8517FB2-C74E-43BD-B3C6-B05D3FC11ECD}.Debug|x64.ActiveCfg = Debug|x64
		{A8517FB2-C74E-43BD-B3C6-B05D3FC11ECD}.Debug|x64.Build.0 = Debug|x64
		{A8517FB2-C74E-43BD-B3C6-B05D3FC11ECD}.Debug|x86.ActiveCfg = Debug|Win32
		{A8517FB2-C74E-43BD-B3C6-B05D3FC11ECD}.Debug|x86.Build.0 = Debug|Win32
		{A8517FB2-C74E-43BD-B3C6-B05D3FC11ECD}.Dist|x64.ActiveCfg = Debug|x64
		{A8517FB2-C74E-43BD-B3C6-B05D3FC11ECD}.Dist|x64.Build.0 = Debug|x64
		{A8517FB2-C74E-43BD-B3C6-B05D3FC11ECD}.Dist|x86.ActiveCfg = Debug|Win32
		{A8517FB2-C74E-43BD-B3C6-B05D3FC11ECD}.Dist|x86.Build.0 = Debug|Win32
		{A8517FB2-C74E-43BD-B3C6-B05D3FC11ECD}.MinSizeRel|x64.ActiveCfg = Debug|x64
		{A8517FB2-C74E-43BD-B3C6-B05D3FC11ECD}.MinSizeRel|x64.Build.0 = Debug|x64
		{A8517FB2-C74E-43BD-B3C6-B05D3FC11ECD}.MinSizeRel|x86.ActiveCfg = Debug|Win32
		{A8517FB2-C74E-43BD-B3C6-B05D3FC11ECD}.MinSizeRel|x86.Build.0 = Debug|Win32
		{A8517FB2-C74E-43BD-B3C6-B05D3FC11ECD}.Release|x64.ActiveCfg = Release|x64
		{A8517FB2-C74E-43BD-B3C6-B05D3FC11ECD}.Release|x64.Build.0 = Release|x64
		{A8517FB2-C74E-43BD-B3C6-B05D3FC11ECD}.Release|x86.ActiveCfg = Release|Win32
		{A8517FB2-C74E-43BD-B3C6-B05D3FC11ECD}.Release|x86.Build.0 = Release|Win32
		{A8517FB2-C74E-43BD-B3C6-B05D3FC11ECD}.RelWithDebInfo|x64.ActiveCfg = Release|x64
		{A8517FB2-C74E-43BD-B3C6-B05D3FC11ECD}.RelWithDebInfo|x64.Build.0 = Release|x64
		{A8517FB2-C74E-43BD-B3C6-B05D3FC11ECD}.RelWithDebInfo|x86.ActiveCfg = Release|Win32
		{A8517FB2-C74E-43BD-B3C6-B05D3FC11ECD}.RelWithDebInfo|x86.Build.0 = Release|Win32
		{A107C21C-418A-4697-BB10-20C3AA60E2E4}.Debug|x64.ActiveCfg = Debug|x64
		{A107C21C-418A-4697-BB10-20C3AA60E2E4}.Debug|x64.Build.0 = Debug|x64
		{A107C21C-418A-4697-BB10-20C3AA60E2E4}.Debug|x86.ActiveCfg = Debug|Win32
		{A107C21C-418A-4697-BB10-20C3AA60E2E4}.Debug|x86.Build.0 = Debug|Win32
		{A107C21C-418A-4697-BB10-20C3AA60E2E4}.Dist|x64.ActiveCfg = Debug|x64
		{A107C21C-418A-4697-BB10-20C3AA60E2E4}.Dist|x64.Build.0 = Debug|x64
		{A107C21C-418A-4697-BB10-20C3AA60E2E4}.Dist|x86.ActiveCfg = Debug|Win32
		{A107C21C-418A-4697-BB10-20C3AA60E2E4}.Dist|x86.Build.0 = Debug|Win32
		{A107C21C-418A-4697-BB10-20C3AA60E2E4}.MinSizeRel|x64.ActiveCfg = Debug|x64
		{A107C21C-418A-4697-BB10-20C3AA60E2E4}.MinSizeRel|x64.Build.0 = Debug|x64
		{A107C21C-418A-4697-BB10-20C3AA60E2E4}.MinSizeRel|x86.ActiveCfg = Debug|Win32
		{A107C21C-418A-4697-BB10-20C3AA60E2E4}.MinSizeRel|x86.Build.0 = Debug|Win32
		{A107C21C-418A-4697-BB10-20C3AA60E2E4}.Release|x64.ActiveCfg = Release|x64
		{A107C21C-418A-4697-BB10-20C3AA60E2E4}.Release|x64.Build.0 = Release|x64
		{A107C21C-418A-4697-BB10-20C3AA60E2E4}.Release|x86.ActiveCfg = Release|Win32
		{A107C21C-418A-4697-BB10-20C3AA60E2E4}.Release|x86.Build.0 = Release|Win32
		{A107C21C-418A-4697-BB10-20C3AA60E2E4}.RelWithDebInfo|x64.ActiveCfg = Release|x64
		{A107C21C-418A-4697-BB10-20C3AA60E2E4}.RelWithDebInfo|x64.Build.0 = Release|x64
		{A107C21C-418A-4697-BB10-20C3AA60E2E4}.RelWithDebInfo|x86.ActiveCfg = Release|Win32
		{A107C21C-418A-4697-BB10-20C3AA60E2E4}.RelWithDebInfo|x86.Build.0 = Release|Win32
		{5D94880B-C99D-887C-5219-9F7CBE21947C}.Debug|x64.ActiveCfg = Debug|x64
		{5D94880B-C99D-887C-5219-9F7CBE21947C}.Debug|x64.Build.0 = Debug|x64
		{5D94880B-C99D-887C-5219-9F7CBE21947C}.Debug|x86.ActiveCfg = Debug|Win32
		{5D94880B-C99D-887C-5219-9F7CBE21947C}.Debug|x86.Build.0 = Debug|Win32
		{5D94880B-C99D-887C-5219-9F7CBE21947C}.Dist|x64.ActiveCfg = Debug|x64
		{5D94880B-C99D-887C-5219-9F7CBE21947C}.Dist|x64.Build.0 = Debug|x64
		{5D94880B-C99D-887C-5219-9F7CBE21947C}.Dist|x86.ActiveCfg = Debug|Win32
		{5D94880B-C99D-887C-5219-9F7CBE21947C}.Dist|x86.Build.0 = Debug|Win32
		{5D94880B-C99D-887C-5219-9F7CBE21947C}.MinSizeRel|x64.ActiveCfg = Debug|x64
		{5D94880B-C99D-887C-5219-9F7CBE21947C}.MinSizeRel|x64.Build.0 = Debug|x64
		{5D94880B-C99D-887C-5219-9F7CBE21947C}.MinSizeRel|x86.ActiveCfg = Debug|Win32
		{5D94880B-C99D-887C-5219-9F7CBE21947C}.MinSizeRel|x86.Build.0 = Debug|Win32
		{5D94880B-C99D-887C-5219-9F7CBE21947C}.Release|x64.ActiveCfg = Release|x64
		{5D94880B-C99D-887C-5219-9F7CBE21947C}.Release|x64.Build.0 = Release|x64
		{5D94880B-C99D-887C-5219-9F7CBE21947C}.Release|x86.ActiveCfg = Release|Win32
		{5D94880B-C99D-887C-5219-9F7CBE21947C}.Release|x86.Build.0 = Release|Win32
		{5D94880B-C99D-887C-5219-9F7CBE21947C}.RelWithDebInfo|x64.ActiveCfg = Release|x64
		{5D94880B-C99D-887C-5219-9F7CBE21947C}.RelWithDebInfo|x64.Build.0 = Release|x64
		{5D94880B-C99D-887C-5219-9F7CBE21947C}.RelWithDebInfo|x86.ActiveCfg = Release|Win32
		{5D94880B-C99D-887C-5219-9F7CBE21947C}.RelWithDebInfo|x86.Build.0 = Release|Win32
	EndGlobalSection
	GlobalSection(SolutionProperties) = preSolution
		HideSolutionNode = FALSE
	EndGlobalSection
	GlobalSection(NestedProjects) = preSolution
		{154B857C-0182-860D-AA6E-6C109684020F} = {53E47842-3FC8-3998-A828-34EB942B241A}
		{C0FF640D-2C14-8DBE-F595-301E616989EF} = {53E47842-3FC8-3998-A828-34EB942B241A}
		{F195686F-239B-3B7E-BAA2-2AAA75E99C4A} = {53E47842-3FC8-3998-A828-34EB942B241A}
		{A8517FB2-C74E-43BD-B3C6-B05D3FC11ECD} = {53E47842-3FC8-3998-A828-34EB942B241A}
		{A107C21C-418A-4697-BB10-20C3AA60E2E4} = {53E47842-3FC8-3998-A828-34EB942B241A}
		{5D94880B-C99D-887C-5219-9F7CBE21947C} = {53E47842-3FC8-3998-A828-34EB942B241A}
	EndGlobalSection
	GlobalSection(ExtensibilityGlobals) = postSolution
		SolutionGuid = {195DF031-8786-415E-889B-C7CFDC4B7199}
	EndGlobalSection
EndGlobal
